
Microsoft Visual Studio Solution File, Format Version 12.00
# Visual Studio Version 17
VisualStudioVersion = 17.0.31903.59
MinimumVisualStudioVersion = 10.0.40219.1
Project("{FAE04EC0-301F-11D3-BF4B-00C04F79EFBC}") = "csharp_tut", "csharp_tut\csharp_tut.csproj", "{223CA31F-6A52-4634-AB39-A5B0C437C88E}"
EndProject
Project("{FAE04EC0-301F-11D3-BF4B-00C04F79EFBC}") = "csharp_tut_tests", "csharp_tut_tests\csharp_tut_tests.csproj", "{E54F28A5-7125-46EE-BFBF-2FC0E47BBDB3}"
EndProject
Global
	GlobalSection(SolutionConfigurationPlatforms) = preSolution
		Debug|Any CPU = Debug|Any CPU
		Release|Any CPU = Release|Any CPU
	EndGlobalSection
	GlobalSection(SolutionProperties) = preSolution
		HideSolutionNode = FALSE
	EndGlobalSection
	GlobalSection(ProjectConfigurationPlatforms) = postSolution
		{223CA31F-6A52-4634-AB39-A5B0C437C88E}.Debug|Any CPU.ActiveCfg = Debug|Any CPU
		{223CA31F-6A52-4634-AB39-A5B0C437C88E}.Debug|Any CPU.Build.0 = Debug|Any CPU
		{223CA31F-6A52-4634-AB39-A5B0C437C88E}.Release|Any CPU.ActiveCfg = Release|Any CPU
		{223CA31F-6A52-4634-AB39-A5B0C437C88E}.Release|Any CPU.Build.0 = Release|Any CPU
		{E54F28A5-7125-46EE-BFBF-2FC0E47BBDB3}.Debug|Any CPU.ActiveCfg = Debug|Any CPU
		{E54F28A5-7125-46EE-BFBF-2FC0E47BBDB3}.Debug|Any CPU.Build.0 = Debug|Any CPU
		{E54F28A5-7125-46EE-BFBF-2FC0E47BBDB3}.Release|Any CPU.ActiveCfg = Release|Any CPU
		{E54F28A5-7125-46EE-BFBF-2FC0E47BBDB3}.Release|Any CPU.Build.0 = Release|Any CPU
	EndGlobalSection
EndGlobal
