
Microsoft Visual Studio Solution File, Format Version 12.00
# Visual Studio Version 16
VisualStudioVersion = 16.0.31402.337
MinimumVisualStudioVersion = 10.0.40219.1
Project("{F2A71F9B-5D33-465A-A702-920D77279786}") = "FSharpTutorial", "FSharpTutorial\FSharpTutorial.fsproj", "{AE56ED9E-D43D-40C6-9ABB-731CADBA41B1}"
EndProject
Project("{F2A71F9B-5D33-465A-A702-920D77279786}") = "TestFSharp", "TestFSharp\TestFSharp.fsproj", "{AE6E6EB7-4FC1-48F8-B274-CD20B0A40B0B}"
EndProject
Global
	GlobalSection(SolutionConfigurationPlatforms) = preSolution
		Debug|Any CPU = Debug|Any CPU
		Release|Any CPU = Release|Any CPU
	EndGlobalSection
	GlobalSection(ProjectConfigurationPlatforms) = postSolution
		{AE56ED9E-D43D-40C6-9ABB-731CADBA41B1}.Debug|Any CPU.ActiveCfg = Debug|Any CPU
		{AE56ED9E-D43D-40C6-9ABB-731CADBA41B1}.Debug|Any CPU.Build.0 = Debug|Any CPU
		{AE56ED9E-D43D-40C6-9ABB-731CADBA41B1}.Release|Any CPU.ActiveCfg = Release|Any CPU
		{AE56ED9E-D43D-40C6-9ABB-731CADBA41B1}.Release|Any CPU.Build.0 = Release|Any CPU
		{AE6E6EB7-4FC1-48F8-B274-CD20B0A40B0B}.Debug|Any CPU.ActiveCfg = Debug|Any CPU
		{AE6E6EB7-4FC1-48F8-B274-CD20B0A40B0B}.Debug|Any CPU.Build.0 = Debug|Any CPU
		{AE6E6EB7-4FC1-48F8-B274-CD20B0A40B0B}.Release|Any CPU.ActiveCfg = Release|Any CPU
		{AE6E6EB7-4FC1-48F8-B274-CD20B0A40B0B}.Release|Any CPU.Build.0 = Release|Any CPU
	EndGlobalSection
	GlobalSection(SolutionProperties) = preSolution
		HideSolutionNode = FALSE
	EndGlobalSection
	GlobalSection(ExtensibilityGlobals) = postSolution
		SolutionGuid = {C141D229-46E5-4A2E-9592-F8A326EDB861}
	EndGlobalSection
EndGlobal
