
Microsoft Visual Studio Solution File, Format Version 12.00
# Visual Studio Version 17
VisualStudioVersion = 17.2.32526.322
MinimumVisualStudioVersion = 10.0.40219.1
Project("{F2A71F9B-5D33-465A-A702-920D77279786}") = "FSharpTest", "FSharpTest\FSharpTest.fsproj", "{1EAE3677-2352-4350-AAF9-D57F52BF1D4E}"
EndProject
Global
	GlobalSection(SolutionConfigurationPlatforms) = preSolution
		Debug|Any CPU = Debug|Any CPU
		Release|Any CPU = Release|Any CPU
	EndGlobalSection
	GlobalSection(ProjectConfigurationPlatforms) = postSolution
		{1EAE3677-2352-4350-AAF9-D57F52BF1D4E}.Debug|Any CPU.ActiveCfg = Debug|Any CPU
		{1EAE3677-2352-4350-AAF9-D57F52BF1D4E}.Debug|Any CPU.Build.0 = Debug|Any CPU
		{1EAE3677-2352-4350-AAF9-D57F52BF1D4E}.Release|Any CPU.ActiveCfg = Release|Any CPU
		{1EAE3677-2352-4350-AAF9-D57F52BF1D4E}.Release|Any CPU.Build.0 = Release|Any CPU
	EndGlobalSection
	GlobalSection(SolutionProperties) = preSolution
		HideSolutionNode = FALSE
	EndGlobalSection
	GlobalSection(ExtensibilityGlobals) = postSolution
		SolutionGuid = {6992211F-32C8-4045-9209-84220CE8CF60}
	EndGlobalSection
EndGlobal
